{
  "lockfileVersion": 1,
  "configVersion": 0,
  "workspaces": {
    "": {
      "name": "frontend",
      "dependencies": {
        "axios": "^1.19.0",
        "lightweight-charts": "^4.2.3",
        "react": "^19.2.8",
        "react-dom": "^19.2.8",
        "react-hot-toast": "^2.6.0",
        "zustand": "^5.0.14",
      },
      "devDependencies": {
        "@biomejs/biome": "1.9.4",
        "@vitejs/plugin-react": "^6.0.5",
        "typescript": "~6.0.2",
        "vite": "^8.2.0",
      },
    },
  },
  "packages": {
    "@biomejs/biome": ["@biomejs/biome@1.9.4", "", { "optionalDependencies": { "@biomejs/cli-darwin-arm64": "1.9.4", "@biomejs/cli-darwin-x64": "1.9.4", "@biomejs/cli-linux-arm64": "1.9.4", "@biomejs/cli-linux-arm64-musl": "1.9.4", "@biomejs/cli-linux-x64": "1.9.4", "@biomejs/cli-linux-x64-musl": "1.9.4", "@biomejs/cli-win32-arm64": "1.9.4", "@biomejs/cli-win32-x64": "1.9.4" }, "bin": { "biome": "bin/biome" } }, "sha512-1rkd7G70+o9KkTn5KLmDYXihGoTaIGO9PIIN2ZB7UJxFrWw04CZHPYiMRjYsaDvVV7hP1dYNRLxSANLaBFGpog=="],

    "@biomejs/cli-darwin-arm64": ["@biomejs/cli-darwin-arm64@1.9.4", "", { "os": "darwin", "cpu": "arm64" }, "sha512-bFBsPWrNvkdKrNCYeAp+xo2HecOGPAy9WyNyB/jKnnedgzl4W4Hb9ZMzYNbf8dMCGmUdSavlYHiR01QaYR58cw=="],

    "@biomejs/cli-darwin-x64": ["@biomejs/cli-darwin-x64@1.9.4", "", { "os": "darwin", "cpu": "x64" }, "sha512-ngYBh/+bEedqkSevPVhLP4QfVPCpb+4BBe2p7Xs32dBgs7rh9nY2AIYUL6BgLw1JVXV8GlpKmb/hNiuIxfPfZg=="],

    "@biomejs/cli-linux-arm64": ["@biomejs/cli-linux-arm64@1.9.4", "", { "os": "linux", "cpu": "arm64" }, "sha512-fJIW0+LYujdjUgJJuwesP4EjIBl/N/TcOX3IvIHJQNsAqvV2CHIogsmA94BPG6jZATS4Hi+xv4SkBBQSt1N4/g=="],

    "@biomejs/cli-linux-arm64-musl": ["@biomejs/cli-linux-arm64-musl@1.9.4", "", { "os": "linux", "cpu": "arm64" }, "sha512-v665Ct9WCRjGa8+kTr0CzApU0+XXtRgwmzIf1SeKSGAv+2scAlW6JR5PMFo6FzqqZ64Po79cKODKf3/AAmECqA=="],

    "@biomejs/cli-linux-x64": ["@biomejs/cli-linux-x64@1.9.4", "", { "os": "linux", "cpu": "x64" }, "sha512-lRCJv/Vi3Vlwmbd6K+oQ0KhLHMAysN8lXoCI7XeHlxaajk06u7G+UsFSO01NAs5iYuWKmVZjmiOzJ0OJmGsMwg=="],

    "@biomejs/cli-linux-x64-musl": ["@biomejs/cli-linux-x64-musl@1.9.4", "", { "os": "linux", "cpu": "x64" }, "sha512-gEhi/jSBhZ2m6wjV530Yy8+fNqG8PAinM3oV7CyO+6c3CEh16Eizm21uHVsyVBEB6RIM8JHIl6AGYCv6Q6Q9Tg=="],

    "@biomejs/cli-win32-arm64": ["@biomejs/cli-win32-arm64@1.9.4", "", { "os": "win32", "cpu": "arm64" }, "sha512-tlbhLk+WXZmgwoIKwHIHEBZUwxml7bRJgk0X2sPyNR3S93cdRq6XulAZRQJ17FYGGzWne0fgrXBKpl7l4M87Hg=="],

    "@biomejs/cli-win32-x64": ["@biomejs/cli-win32-x64@1.9.4", "", { "os": "win32", "cpu": "x64" }, "sha512-8Y5wMhVIPaWe6jw2H+KlEm4wP/f7EW3810ZLmDlrEEy5KvBsb9ECEfu/kMWD484ijfQ8+nIi0giMgu9g1UAuuA=="],

    "@oxc-project/types": ["@oxc-project/types@0.143.0", "", {}, "sha512-u6JZdLBTLotrNC9Vd6vPssINdzcCzleKAH6EJKImQb7GtYvX5keN2dxkoK44stCc4tffE6QQRtZTXVSzsLUlWA=="],

    "@rolldown/binding-android-arm64": ["@rolldown/binding-android-arm64@1.2.3", "", { "os": "android", "cpu": "arm64" }, "sha512-zrJtHDcaZJ1Fp7xf4hNl+7seH9Cn/N5TwLYkhgXREtBwAd/jaqW3uqeHxpDugJLVICWg4eW44kOQEGJ1r6jCGw=="],

    "@rolldown/binding-darwin-arm64": ["@rolldown/binding-darwin-arm64@1.2.3", "", { "os": "darwin", "cpu": "arm64" }, "sha512-ieIiibVCp0tX7TLu2cafoNPv8wJyYi01ekXpbf8q2j7F4rGAhhXb/eQh7ge9DRBY78GwmRQtvjZDux7EDbA8kA=="],

    "@rolldown/binding-darwin-x64": ["@rolldown/binding-darwin-x64@1.2.3", "", { "os": "darwin", "cpu": "x64" }, "sha512-Zh9tCon19eDXJoihx0rqKhMUlMYqzwj3aPsSuHmI4RWZh62dWUL+DJN4C5YQya5TcQBJU/Fe8+rY0jhXTQITqA=="],

    "@rolldown/binding-freebsd-x64": ["@rolldown/binding-freebsd-x64@1.2.3", "", { "os": "freebsd", "cpu": "x64" }, "sha512-nGbJWewA1wrXXZiQhjAT5rhibGfns5ZNkDVqxsO6zJ3f3YvpoDNNmGMSbbhLuXKjNScaBJVOAboztAWVespQMg=="],

    "@rolldown/binding-linux-arm-gnueabihf": ["@rolldown/binding-linux-arm-gnueabihf@1.2.3", "", { "os": "linux", "cpu": "arm" }, "sha512-QNniJr5Kml0kDEB98jiDOJjXNroxIIi0IXIbdYzY26Xt1pVbeP62+KnoIZLwirOymX/0jDk/2gI/bNUv7A7OIw=="],

    "@rolldown/binding-linux-arm64-gnu": ["@rolldown/binding-linux-arm64-gnu@1.2.3", "", { "os": "linux", "cpu": "arm64" }, "sha512-TkqEAcmmvH3I/q4114NB4RVt6241Dao48pF45uLcFGrwAaIn0iITgTAKP/dLjbN0R4buJjGb91+UHSoFmpgIWw=="],

    "@rolldown/binding-linux-arm64-musl": ["@rolldown/binding-linux-arm64-musl@1.2.3", "", { "os": "linux", "cpu": "arm64" }, "sha512-NHqjnxpsndf4MPymxteFAWHHfkTL8HjWh1KB7z23ofZ6QO2euONuxDXjat69dKZRALnGypg8k8SsK8vZJoXv1Q=="],

    "@rolldown/binding-linux-ppc64-gnu": ["@rolldown/binding-linux-ppc64-gnu@1.2.3", "", { "os": "linux", "cpu": "ppc64" }, "sha512-6tbrbwfz5GB9DQ4Jwo6hy9v+vR31xZlvzZ6n5Xut6Hhx5PvrA9q/HsK8KMaYQp063iqZGXwNvZtYNLD7EM/x0w=="],

    "@rolldown/binding-linux-s390x-gnu": ["@rolldown/binding-linux-s390x-gnu@1.2.3", "", { "os": "linux", "cpu": "s390x" }, "sha512-oyuXxXmoZHjXC917IAPFAAv4wWAa0cM9afk8nx1+9/jNNOX1uPf8yDA6p7G0RypOfw/X0PQt5IfoquY1um+zSg=="],

    "@rolldown/binding-linux-x64-gnu": ["@rolldown/binding-linux-x64-gnu@1.2.3", "", { "os": "linux", "cpu": "x64" }, "sha512-TytMwF2KVGqP2tgd0I1OY0PAv78dZRAYcF5ssDzjM34SUXCED3uXvSd5+lHoC0bTD6eEdFz7LdQNCO1y0oVk9w=="],

    "@rolldown/binding-linux-x64-musl": ["@rolldown/binding-linux-x64-musl@1.2.3", "", { "os": "linux", "cpu": "x64" }, "sha512-/E9m3qstrJFVPoULV25mVQblSNExY2+kBsYe4sy0Tn0yOOgJ8wZbZt3KnRbF/XeU2Gl1STKUQnDNTqhIE5MD4A=="],

    "@rolldown/binding-openharmony-arm64": ["@rolldown/binding-openharmony-arm64@1.2.3", "", { "os": "none", "cpu": "arm64" }, "sha512-Kr0OcsoQI816i6HOl3vFHpd1K0eZyh76zgfj4c1nTyaTsd5r2Mj1lwM4R90y/qaCfmTn9eHy0SKwi98eitRxug=="],

    "@rolldown/binding-win32-arm64-msvc": ["@rolldown/binding-win32-arm64-msvc@1.2.3", "", { "os": "win32", "cpu": "arm64" }, "sha512-hOtMwTqnME+/gJcH/PCZ0wn0zPUjiWOgkHpxbSJpfGKMezHltx1S7/k1SitzVa7Ww2cqrDDaFbZEhcJZO8o+Jw=="],

    "@rolldown/binding-win32-x64-msvc": ["@rolldown/binding-win32-x64-msvc@1.2.3", "", { "os": "win32", "cpu": "x64" }, "sha512-ekcqMMkI2PlhYnfzQnB/cEdYUVVJViWvoUyLrbzgDoi3Snfc1mVBwdnc306ufA5ejy8JSPjT2RlW1nQSjW7efg=="],

    "@rolldown/pluginutils": ["@rolldown/pluginutils@1.0.1", "", {}, "sha512-2j9bGt5Jh8hj+vPtgzPtl72j0yRxHAyumoo6TNfAjsLB04UtpSvPbPcDcBMxz7n+9CYB0c1GxQFxYRg2jimqGw=="],

    "@vitejs/plugin-react": ["@vitejs/plugin-react@6.0.5", "", { "dependencies": { "@rolldown/pluginutils": "^1.0.1" }, "peerDependencies": { "@rolldown/plugin-babel": "^0.1.7 || ^0.2.0", "babel-plugin-react-compiler": "^1.0.0", "vite": "^8.0.0" }, "optionalPeers": ["@rolldown/plugin-babel", "babel-plugin-react-compiler"] }, "sha512-BOVzne/NL162sMdResB25mUv+vWMF5NoAjNf09TeGlE7ZpszZWSD3winycicLJw72yeVsoCn/2kOhEuCvEShMA=="],

    "agent-base": ["agent-base@6.0.2", "", { "dependencies": { "debug": "4" } }, "sha512-RZNwNclF7+MS/8bDg70amg32dyeZGZxiDuQmZxKLAlQjr3jGyLx+4Kkk58UO7D2QdgFIQCovuSuZESne6RG6XQ=="],

    "asynckit": ["asynckit@0.4.0", "", {}, "sha512-Oei9OH4tRh0YqU3GxhX79dM/mwVgvbZJaSNaRk+bshkj0S5cfHcgYakreBjrHwatXKbz+IoIdYLxrKim2MjW0Q=="],

    "axios": ["axios@1.19.0", "", { "dependencies": { "follow-redirects": "^1.16.0", "form-data": "^4.0.6", "https-proxy-agent": "^5.0.1", "proxy-from-env": "^2.1.0" } }, "sha512-ht/iuYZXEjFxLH/Hkezgd7m6JKlHHXEUSneaDz8uZe1Gj5QZtCnpyDsckvAiEnT89OEbCLmnte4R4sn7P0EKFw=="],

    "call-bind-apply-helpers": ["call-bind-apply-helpers@1.0.2", "", { "dependencies": { "es-errors": "^1.3.0", "function-bind": "^1.1.2" } }, "sha512-Sp1ablJ0ivDkSzjcaJdxEunN5/XvksFJ2sMBFfq6x0ryhQV/2b/KwFe21cMpmHtPOSij8K99/wSfoEuTObmuMQ=="],

    "combined-stream": ["combined-stream@1.0.8", "", { "dependencies": { "delayed-stream": "~1.0.0" } }, "sha512-FQN4MRfuJeHf7cBbBMJFXhKSDq+2kAArBlmRBvcvFE5BB1HZKXtSFASDhdlz9zOYwxh8lDdnvmMOe/+5cdoEdg=="],

    "csstype": ["csstype@3.2.3", "", {}, "sha512-z1HGKcYy2xA8AGQfwrn0PAy+PB7X/GSj3UVJW9qKyn43xWa+gl5nXmU4qqLMRzWVLFC8KusUX8T/0kCiOYpAIQ=="],

    "debug": ["debug@4.4.3", "", { "dependencies": { "ms": "^2.1.3" } }, "sha512-RGwwWnwQvkVfavKVt22FGLw+xYSdzARwm0ru6DhTVA3umU5hZc28V3kO4stgYryrTlLpuvgI9GiijltAjNbcqA=="],

    "delayed-stream": ["delayed-stream@1.0.0", "", {}, "sha512-ZySD7Nf91aLB0RxL4KGrKHBXl7Eds1DAmEdcoVawXnLD7SDhpNgtuII2aAkg7a7QS41jxPSZ17p4VdGnMHk3MQ=="],

    "detect-libc": ["detect-libc@2.1.2", "", {}, "sha512-Btj2BOOO83o3WyH59e8MgXsxEQVcarkUOpEYrubB0urwnN10yQ364rsiByU11nZlqWYZm05i/of7io4mzihBtQ=="],

    "dunder-proto": ["dunder-proto@1.0.1", "", { "dependencies": { "call-bind-apply-helpers": "^1.0.1", "es-errors": "^1.3.0", "gopd": "^1.2.0" } }, "sha512-KIN/nDJBQRcXw0MLVhZE9iQHmG68qAVIBg9CqmUYjmQIhgij9U5MFvrqkUL5FbtyyzZuOeOt0zdeRe4UY7ct+A=="],

    "es-define-property": ["es-define-property@1.0.1", "", {}, "sha512-e3nRfgfUZ4rNGL232gUgX06QNyyez04KdjFrF+LTRoOXmrOgFKDg4BCdsjW8EnT69eqdYGmRpJwiPVYNrCaW3g=="],

    "es-errors": ["es-errors@1.3.0", "", {}, "sha512-Zf5H2Kxt2xjTvbJvP2ZWLEICxA6j+hAmMzIlypy4xcBg1vKVnx89Wy0GbS+kf5cwCVFFzdCFh2XSCFNULS6csw=="],

    "es-object-atoms": ["es-object-atoms@1.1.2", "", { "dependencies": { "es-errors": "^1.3.0" } }, "sha512-HWcBoN6NileqtSydK2FqHbS/LoDd2pqrnQHLyJzBj4kOp/ky2MWMN694xOfkK8/SnUsW2DH7EfyVlydKCsm1Zw=="],

    "es-set-tostringtag": ["es-set-tostringtag@2.1.0", "", { "dependencies": { "es-errors": "^1.3.0", "get-intrinsic": "^1.2.6", "has-tostringtag": "^1.0.2", "hasown": "^2.0.2" } }, "sha512-j6vWzfrGVfyXxge+O0x5sh6cvxAog0a/4Rdd2K36zCMV5eJ+/+tOAngRO8cODMNWbVRdVlmGZQL2YS3yR8bIUA=="],

    "fancy-canvas": ["fancy-canvas@2.1.0", "", {}, "sha512-nifxXJ95JNLFR2NgRV4/MxVP45G9909wJTEKz5fg/TZS20JJZA6hfgRVh/bC9bwl2zBtBNcYPjiBE4njQHVBwQ=="],

    "fdir": ["fdir@6.5.0", "", { "peerDependencies": { "picomatch": "^3 || ^4" } }, "sha512-tIbYtZbucOs0BRGqPJkshJUYdL+SDH7dVM8gjy+ERp3WAUjLEFJE+02kanyHtwjWOnwrKYBiwAmM0p4kLJAnXg=="],

    "follow-redirects": ["follow-redirects@1.16.0", "", {}, "sha512-y5rN/uOsadFT/JfYwhxRS5R7Qce+g3zG97+JrtFZlC9klX/W5hD7iiLzScI4nZqUS7DNUdhPgw4xI8W2LuXlUw=="],

    "form-data": ["form-data@4.0.6", "", { "dependencies": { "asynckit": "^0.4.0", "combined-stream": "^1.0.8", "es-set-tostringtag": "^2.1.0", "hasown": "^2.0.4", "mime-types": "^2.1.35" } }, "sha512-vKatAh4SlVfgbv+YtmhiRjhEMJsYpsG1Y2rMQtR+SVSbytsSD1YGzDIcrAJmdFec88u/+VoGmxnl+80gL1tRCQ=="],

    "fsevents": ["fsevents@2.3.3", "", { "os": "darwin" }, "sha512-5xoDfX+fL7faATnagmWPpbFtwh/R77WmMMqqHGS65C3vvB0YHrgF+B1YmZ3441tMj5n63k0212XNoJwzlhffQw=="],

    "function-bind": ["function-bind@1.1.2", "", {}, "sha512-7XHNxH7qX9xG5mIwxkhumTox/MIRNcOgDrxWsMt2pAr23WHp6MrRlN7FBSFpCpr+oVO0F744iUgR82nJMfG2SA=="],

    "get-intrinsic": ["get-intrinsic@1.3.0", "", { "dependencies": { "call-bind-apply-helpers": "^1.0.2", "es-define-property": "^1.0.1", "es-errors": "^1.3.0", "es-object-atoms": "^1.1.1", "function-bind": "^1.1.2", "get-proto": "^1.0.1", "gopd": "^1.2.0", "has-symbols": "^1.1.0", "hasown": "^2.0.2", "math-intrinsics": "^1.1.0" } }, "sha512-9fSjSaos/fRIVIp+xSJlE6lfwhES7LNtKaCBIamHsjr2na1BiABJPo0mOjjz8GJDURarmCPGqaiVg5mfjb98CQ=="],

    "get-proto": ["get-proto@1.0.1", "", { "dependencies": { "dunder-proto": "^1.0.1", "es-object-atoms": "^1.0.0" } }, "sha512-sTSfBjoXBp89JvIKIefqw7U2CCebsc74kiY6awiGogKtoSGbgjYE/G/+l9sF3MWFPNc9IcoOC4ODfKHfxFmp0g=="],

    "goober": ["goober@2.1.19", "", { "peerDependencies": { "csstype": "^3.0.10" } }, "sha512-U7veizMqxyKlM58+Z5j2ngJBH/r9siDmxpvNxSw0PylF6WQvrASJEZrxh1hidRBJc2jqoBVSyOban5u8m+6Rxg=="],

    "gopd": ["gopd@1.2.0", "", {}, "sha512-ZUKRh6/kUFoAiTAtTYPZJ3hw9wNxx+BIBOijnlG9PnrJsCcSjs1wyyD6vJpaYtgnzDrKYRSqf3OO6Rfa93xsRg=="],

    "has-symbols": ["has-symbols@1.1.0", "", {}, "sha512-1cDNdwJ2Jaohmb3sg4OmKaMBwuC48sYni5HUw2DvsC8LjGTLK9h+eb1X6RyuOHe4hT0ULCW68iomhjUoKUqlPQ=="],

    "has-tostringtag": ["has-tostringtag@1.0.2", "", { "dependencies": { "has-symbols": "^1.0.3" } }, "sha512-NqADB8VjPFLM2V0VvHUewwwsw0ZWBaIdgo+ieHtK3hasLz4qeCRjYcqfB6AQrBggRKppKF8L52/VqdVsO47Dlw=="],

    "hasown": ["hasown@2.0.4", "", { "dependencies": { "function-bind": "^1.1.2" } }, "sha512-T2UbfbBEF32wiepXIsMlTW9+dDYC6wMh/t/vYA4tuOMKqWz/n3vr1NFSxQiyP+zk2mXsoMA/i/7qV6LKut1t1A=="],

    "https-proxy-agent": ["https-proxy-agent@5.0.1", "", { "dependencies": { "agent-base": "6", "debug": "4" } }, "sha512-dFcAjpTQFgoLMzC2VwU+C/CbS7uRL0lWmxDITmqm7C+7F0Odmj6s9l6alZc6AELXhrnggM2CeWSXHGOdX2YtwA=="],

    "lightningcss": ["lightningcss@1.33.0", "", { "dependencies": { "detect-libc": "^2.0.3" }, "optionalDependencies": { "lightningcss-android-arm64": "1.33.0", "lightningcss-darwin-arm64": "1.33.0", "lightningcss-darwin-x64": "1.33.0", "lightningcss-freebsd-x64": "1.33.0", "lightningcss-linux-arm-gnueabihf": "1.33.0", "lightningcss-linux-arm64-gnu": "1.33.0", "lightningcss-linux-arm64-musl": "1.33.0", "lightningcss-linux-x64-gnu": "1.33.0", "lightningcss-linux-x64-musl": "1.33.0", "lightningcss-win32-arm64-msvc": "1.33.0", "lightningcss-win32-x64-msvc": "1.33.0" } }, "sha512-WkUDrojuJs0xkgGf2udWxa3yGBRxPtxUkB79i6aCZLRgc7PM8fZe9TosfPDcvEpQZbuFASnHYmRLBLUbmLOIIA=="],

    "lightningcss-android-arm64": ["lightningcss-android-arm64@1.33.0", "", { "os": "android", "cpu": "arm64" }, "sha512-gEpRTalKdosp4Bb8qWtc2iOgE5SeIHlpS1up9bFq2wAyYhl1UdTObYiHe98zEM9SQvSoqQZ1IQD0JNpg3Ml5pg=="],

    "lightningcss-darwin-arm64": ["lightningcss-darwin-arm64@1.33.0", "", { "os": "darwin", "cpu": "arm64" }, "sha512-Sciaz8eenNTKn9b3t7+xr0ipTp9YxKQY4npwQ3mrRuL0BAVHBLyZxofhaKBAVtzmtRZ/zTyo0/to4B1uWG/Djg=="],

    "lightningcss-darwin-x64": ["lightningcss-darwin-x64@1.33.0", "", { "os": "darwin", "cpu": "x64" }, "sha512-Z5UPAxzrjlWNNyGy6i65cJzzvgJ5D3T6wMvs+gWpY9d7qRhANrxqAp6LhxIgZhWEw18RfJTGcRxjuLIBr+m8XQ=="],

    "lightningcss-freebsd-x64": ["lightningcss-freebsd-x64@1.33.0", "", { "os": "freebsd", "cpu": "x64" }, "sha512-QQM/Ti/hQajJwCY+RiWuCZ9sdtI/XQk7nDK5vC8kkdwixezOlDgvDx7+RT+QjK6FcFT4MpsuoBnHIo/O3StRRg=="],

    "lightningcss-linux-arm-gnueabihf": ["lightningcss-linux-arm-gnueabihf@1.33.0", "", { "os": "linux", "cpu": "arm" }, "sha512-N7FVBe6iS24MlM6R/4RBTxGhQheZGs7tiQ9U32UtF75NzP5Q7xWPRqLBCKxlRQRk3rY1jCIPLzx7WzOhuUIRLQ=="],

    "lightningcss-linux-arm64-gnu": ["lightningcss-linux-arm64-gnu@1.33.0", "", { "os": "linux", "cpu": "arm64" }, "sha512-j2v/itmy4HlNxlc6voKXYgBqNi0Ng2LShg4z7GufpEgs05P+2suBVyi9I6YHq5uoVFx9ETin3eCEhLVyXGQnKg=="],

    "lightningcss-linux-arm64-musl": ["lightningcss-linux-arm64-musl@1.33.0", "", { "os": "linux", "cpu": "arm64" }, "sha512-yiO5ROMuYQgXbC60yjZU5CYSFZGKXL0HFATXt9mHJn1+zW55oCtMI9NfcVhYLMFDL7gV7oBPon/EmMMGg2OvtQ=="],

    "lightningcss-linux-x64-gnu": ["lightningcss-linux-x64-gnu@1.33.0", "", { "os": "linux", "cpu": "x64" }, "sha512-ar+Ju7LmcN0Jo4FpL4hpFybwNG9/3A/Br5KW2n2jyODg3MEZXaDYADdemoNS+BDNfMgKvylJLj4S5tyRActuAg=="],

    "lightningcss-linux-x64-musl": ["lightningcss-linux-x64-musl@1.33.0", "", { "os": "linux", "cpu": "x64" }, "sha512-RYiYbkokw0trfKqqzfF55lginwEPrD3OJDfTuJzFs1MK6iFnDenaz1fqLLtX4ITG3OktJQXOeTaw1awrBAlZPw=="],

    "lightningcss-win32-arm64-msvc": ["lightningcss-win32-arm64-msvc@1.33.0", "", { "os": "win32", "cpu": "arm64" }, "sha512-1K+MPfLSFVpphzpdbfkhlWk6wBrTObBzS2T6db10PNOZgR9GoVsAWzwNyuhUYYbTp23j+4RrncfujZ4uAzXvwA=="],

    "lightningcss-win32-x64-msvc": ["lightningcss-win32-x64-msvc@1.33.0", "", { "os": "win32", "cpu": "x64" }, "sha512-OlEICDx/Xl0FqSp4bry8zFnCvGpig3Gl4gCquvYwHuqJKEC1+n9NgDniFvqHGmMv1ZkqDJrDqKKSykTDX+ehuA=="],

    "lightweight-charts": ["lightweight-charts@4.2.3", "", { "dependencies": { "fancy-canvas": "2.1.0" } }, "sha512-5kS/2hY3wNYNzhnS8Gb+GAS07DX8GPF2YVDnd2NMC85gJVQ6RLU6YrXNgNJ6eg0AnWPwCnvaGtYmGky3HiLQEw=="],

    "math-intrinsics": ["math-intrinsics@1.1.0", "", {}, "sha512-/IXtbwEk5HTPyEwyKX6hGkYXxM9nbj64B+ilVJnC/R6B0pH5G4V3b0pVbL7DBj4tkhBAppbQUlf6F6Xl9LHu1g=="],

    "mime-db": ["mime-db@1.52.0", "", {}, "sha512-sPU4uV7dYlvtWJxwwxHD0PuihVNiE7TyAbQ5SWxDCB9mUYvOgroQOwYQQOKPJ8CIbE+1ETVlOoK1UC2nU3gYvg=="],

    "mime-types": ["mime-types@2.1.35", "", { "dependencies": { "mime-db": "1.52.0" } }, "sha512-ZDY+bPm5zTTF+YpCrAU9nK0UgICYPT0QtT1NZWFv4s++TNkcgVaT0g6+4R2uI4MjQjzysHB1zxuWL50hzaeXiw=="],

    "ms": ["ms@2.1.3", "", {}, "sha512-6FlzubTLZG3J2a/NVCAleEhjzq5oxgHyaCU9yYXvcLsvoVaHJq/s5xXI6/XXP6tz7R9xAOtHnSO/tXtF3WRTlA=="],

    "nanoid": ["nanoid@3.3.17", "", { "bin": "bin/nanoid.cjs" }, "sha512-xQLf0A3HOMlgHq0n247/LRuAOYmB7dXJ/DvAxGvsSBij45XtBSmQycu+F8ODbHwns/XyFZagyL1+J0Offw1E0g=="],

    "picocolors": ["picocolors@1.1.1", "", {}, "sha512-xceH2snhtb5M9liqDsmEw56le376mTZkEX/jEb/RxNFyegNul7eNslCXP9FDj/Lcu0X8KEyMceP2ntpaHrDEVA=="],

    "picomatch": ["picomatch@4.0.5", "", {}, "sha512-RvwwcruNjI1ncT5xRakeyS9Lf8lcItv34KD+aif+VH9kduAyfYBipGh12274xtenIPZ119/R9BdTBa8gAwSh0A=="],

    "postcss": ["postcss@8.5.26", "", { "dependencies": { "nanoid": "^3.3.17", "picocolors": "^1.1.1", "source-map-js": "^1.2.1" } }, "sha512-u82N74LFzG8ca+dD8puPnplTXoGH4fTPpVGuIbt36G3qvNlkvfD0lEAZSxaly3KX8TS/L1A1gsCEmvKmBcVbkQ=="],

    "proxy-from-env": ["proxy-from-env@2.1.0", "", {}, "sha512-cJ+oHTW1VAEa8cJslgmUZrc+sjRKgAKl3Zyse6+PV38hZe/V6Z14TbCuXcan9F9ghlz4QrFr2c92TNF82UkYHA=="],

    "react": ["react@19.2.8", "", {}, "sha512-PWaYA1L/q9u2u7xYQi+Y3L3Yfnie7XyLeaJICV1MGD6LprsBxcAqGjYyr0eY3p+QdsA+x/Irkt4Qif8D63+Sbw=="],

    "react-dom": ["react-dom@19.2.8", "", { "dependencies": { "scheduler": "^0.27.0" }, "peerDependencies": { "react": "^19.2.8" } }, "sha512-rVprimfGBG3DR+Tq0IQG2DT5PxKth1WIGDmj5yPmlzr4YBe7uyE+Du4oVqTDXZSHGGGXRtTJEGSSePyQCMBglQ=="],

    "react-hot-toast": ["react-hot-toast@2.6.0", "", { "dependencies": { "csstype": "^3.1.3", "goober": "^2.1.16" }, "peerDependencies": { "react": ">=16", "react-dom": ">=16" } }, "sha512-bH+2EBMZ4sdyou/DPrfgIouFpcRLCJ+HoCA32UoAYHn6T3Ur5yfcDCeSr5mwldl6pFOsiocmrXMuoCJ1vV8bWg=="],

    "rolldown": ["rolldown@1.2.3", "", { "dependencies": { "@oxc-project/types": "=0.143.0", "@rolldown/pluginutils": "^1.0.0" }, "optionalDependencies": { "@rolldown/binding-android-arm64": "1.2.3", "@rolldown/binding-darwin-arm64": "1.2.3", "@rolldown/binding-darwin-x64": "1.2.3", "@rolldown/binding-freebsd-x64": "1.2.3", "@rolldown/binding-linux-arm-gnueabihf": "1.2.3", "@rolldown/binding-linux-arm64-gnu": "1.2.3", "@rolldown/binding-linux-arm64-musl": "1.2.3", "@rolldown/binding-linux-ppc64-gnu": "1.2.3", "@rolldown/binding-linux-s390x-gnu": "1.2.3", "@rolldown/binding-linux-x64-gnu": "1.2.3", "@rolldown/binding-linux-x64-musl": "1.2.3", "@rolldown/binding-openharmony-arm64": "1.2.3", "@rolldown/binding-win32-arm64-msvc": "1.2.3", "@rolldown/binding-win32-x64-msvc": "1.2.3" }, "bin": "bin/cli.mjs" }, "sha512-rn9wpmxplLf7NLNyCk9FyWh3FM43DbY8jOzCdEPzH7uflhTftRbCEpqi6Ly2osgoU8OwObtmavMbWLaWy4LX7A=="],

    "scheduler": ["scheduler@0.27.0", "", {}, "sha512-eNv+WrVbKu1f3vbYJT/xtiF5syA5HPIMtf9IgY/nKg0sWqzAUEvqY/xm7OcZc/qafLx/iO9FgOmeSAp4v5ti/Q=="],

    "source-map-js": ["source-map-js@1.2.1", "", {}, "sha512-UXWMKhLOwVKb728IUtQPXxfYU+usdybtUrK/8uGE8CQMvrhOpwvzDBwj0QhSL7MQc7vIsISBG8VQ8+IDQxpfQA=="],

    "tinyglobby": ["tinyglobby@0.2.17", "", { "dependencies": { "fdir": "^6.5.0", "picomatch": "^4.0.4" } }, "sha512-wXR/dYpcqKmfWpEdZjiKJOwCNFndD0DMnrW/cYjVGttEkBfVgcLFHoNrlj47mjOVic9yyNu65alsgF4NQyTa2g=="],

    "typescript": ["typescript@6.0.3", "", { "bin": { "tsc": "bin/tsc", "tsserver": "bin/tsserver" } }, "sha512-y2TvuxSZPDyQakkFRPZHKFm+KKVqIisdg9/CZwm9ftvKXLP8NRWj38/ODjNbr43SsoXqNuAisEf1GdCxqWcdBw=="],

    "vite": ["vite@8.2.1", "", { "dependencies": { "lightningcss": "^1.33.0", "picomatch": "^4.0.5", "postcss": "^8.5.25", "rolldown": "~1.2.1", "tinyglobby": "^0.2.17" }, "optionalDependencies": { "fsevents": "~2.3.3" }, "peerDependencies": { "@types/node": "^20.19.0 || >=22.12.0", "@vitejs/devtools": "^0.4.0", "esbuild": "^0.27.0 || ^0.28.0", "jiti": ">=1.21.0", "less": "^4.0.0", "sass": "^1.70.0", "sass-embedded": "^1.70.0", "stylus": ">=0.54.8", "sugarss": "^5.0.0", "terser": "^5.16.0", "tsx": "^4.8.1", "yaml": "^2.4.2" }, "optionalPeers": ["@types/node", "@vitejs/devtools", "esbuild", "jiti", "less", "sass", "sass-embedded", "stylus", "sugarss", "terser", "tsx", "yaml"], "bin": "bin/vite.js" }, "sha512-EU/eS7BH3XROHh2YnBefjM6DBKA6ZeMZEYQbj7NLWg5wHYlhB8B/Mayd5XsgWq+NFYccDOTemRpdETWR6Ka/lw=="],

    "zustand": ["zustand@5.0.14", "", { "peerDependencies": { "@types/react": ">=18.0.0", "immer": ">=9.0.6", "react": ">=18.0.0", "use-sync-external-store": ">=1.2.0" }, "optionalPeers": ["@types/react", "immer", "use-sync-external-store"] }, "sha512-/8tAspM5LMPr28b3fwLYrtdj77ECpfZviaP75CMTnwO8ISyaE4GDIG/9rDDYq/cH9D2Xw2A2RXglLInmVBQB/g=="],
  }
}
